# Generated by pub
# See https://dart.dev/tools/pub/glossary#lockfile
packages:
  c4fmath:
    dependency: "direct main"
    description:
      path: "D:/Coding/SouceCode/Flutter/Code4func_Flutter/bai12_viet_library/c4fmath"
      relative: false
    source: path
    version: "1.0.0"
  lints:
    dependency: "direct dev"
    description:
      name: lints
      url: "https://pub.dartlang.org"
    source: hosted
    version: "1.0.1"
sdks:
  dart: ">=2.15.1 <3.0.0"
